
Microsoft Visual Studio Solution File, Format Version 12.00
# Visual Studio Version 17
VisualStudioVersion = 17.5.33502.453
MinimumVisualStudioVersion = 10.0.40219.1
Project("{FAE04EC0-301F-11D3-BF4B-00C04F79EFBC}") = "Day10Lab1", "Day10Lab1\Day10Lab1.csproj", "{1962DE53-3289-4799-B8B0-B1AB3DF8E903}"
EndProject
Project("{FAE04EC0-301F-11D3-BF4B-00C04F79EFBC}") = "Day10Lab1b", "Day10Lab1b\Day10Lab1b.csproj", "{80C4DD35-F99F-47DC-88A0-A8B140296B01}"
EndProject
Project("{FAE04EC0-301F-11D3-BF4B-00C04F79EFBC}") = "Day10Lab1c", "Day10Lab1c\Day10Lab1c.csproj", "{A1CA86BC-12E2-46CC-AEE1-DBE2A2873F2C}"
EndProject
Global
	GlobalSection(SolutionConfigurationPlatforms) = preSolution
		Debug|Any CPU = Debug|Any CPU
		Release|Any CPU = Release|Any CPU
	EndGlobalSection
	GlobalSection(ProjectConfigurationPlatforms) = postSolution
		{1962DE53-3289-4799-B8B0-B1AB3DF8E903}.Debug|Any CPU.ActiveCfg = Debug|Any CPU
		{1962DE53-3289-4799-B8B0-B1AB3DF8E903}.Debug|Any CPU.Build.0 = Debug|Any CPU
		{1962DE53-3289-4799-B8B0-B1AB3DF8E903}.Release|Any CPU.ActiveCfg = Release|Any CPU
		{1962DE53-3289-4799-B8B0-B1AB3DF8E903}.Release|Any CPU.Build.0 = Release|Any CPU
		{80C4DD35-F99F-47DC-88A0-A8B140296B01}.Debug|Any CPU.ActiveCfg = Debug|Any CPU
		{80C4DD35-F99F-47DC-88A0-A8B140296B01}.Debug|Any CPU.Build.0 = Debug|Any CPU
		{80C4DD35-F99F-47DC-88A0-A8B140296B01}.Release|Any CPU.ActiveCfg = Release|Any CPU
		{80C4DD35-F99F-47DC-88A0-A8B140296B01}.Release|Any CPU.Build.0 = Release|Any CPU
		{A1CA86BC-12E2-46CC-AEE1-DBE2A2873F2C}.Debug|Any CPU.ActiveCfg = Debug|Any CPU
		{A1CA86BC-12E2-46CC-AEE1-DBE2A2873F2C}.Debug|Any CPU.Build.0 = Debug|Any CPU
		{A1CA86BC-12E2-46CC-AEE1-DBE2A2873F2C}.Release|Any CPU.ActiveCfg = Release|Any CPU
		{A1CA86BC-12E2-46CC-AEE1-DBE2A2873F2C}.Release|Any CPU.Build.0 = Release|Any CPU
	EndGlobalSection
	GlobalSection(SolutionProperties) = preSolution
		HideSolutionNode = FALSE
	EndGlobalSection
	GlobalSection(ExtensibilityGlobals) = postSolution
		SolutionGuid = {5338BE3F-B227-41FF-B880-B7086613E1A2}
	EndGlobalSection
EndGlobal
