
Microsoft Visual Studio Solution File, Format Version 12.00
# Visual Studio Version 17
VisualStudioVersion = 17.5.33516.290
MinimumVisualStudioVersion = 10.0.40219.1
Project("{FAE04EC0-301F-11D3-BF4B-00C04F79EFBC}") = "Day13Lab1", "Day13Lab1\Day13Lab1.csproj", "{77A75073-C00F-4060-AD26-5E3A3D33F97A}"
EndProject
Global
	GlobalSection(SolutionConfigurationPlatforms) = preSolution
		Debug|Any CPU = Debug|Any CPU
		Release|Any CPU = Release|Any CPU
	EndGlobalSection
	GlobalSection(ProjectConfigurationPlatforms) = postSolution
		{77A75073-C00F-4060-AD26-5E3A3D33F97A}.Debug|Any CPU.ActiveCfg = Debug|Any CPU
		{77A75073-C00F-4060-AD26-5E3A3D33F97A}.Debug|Any CPU.Build.0 = Debug|Any CPU
		{77A75073-C00F-4060-AD26-5E3A3D33F97A}.Release|Any CPU.ActiveCfg = Release|Any CPU
		{77A75073-C00F-4060-AD26-5E3A3D33F97A}.Release|Any CPU.Build.0 = Release|Any CPU
	EndGlobalSection
	GlobalSection(SolutionProperties) = preSolution
		HideSolutionNode = FALSE
	EndGlobalSection
	GlobalSection(ExtensibilityGlobals) = postSolution
		SolutionGuid = {4EE54B3B-CBC4-4E5B-B260-EE986362489D}
	EndGlobalSection
EndGlobal
