
Microsoft Visual Studio Solution File, Format Version 12.00
# Visual Studio Version 17
VisualStudioVersion = 17.4.33213.308
MinimumVisualStudioVersion = 10.0.40219.1
Project("{FAE04EC0-301F-11D3-BF4B-00C04F79EFBC}") = "Day4Lab1", "Day4Lab1\Day4Lab1.csproj", "{D3A1C0B8-3982-4542-9E5A-B95E7D1BF8FE}"
EndProject
Global
	GlobalSection(SolutionConfigurationPlatforms) = preSolution
		Debug|Any CPU = Debug|Any CPU
		Release|Any CPU = Release|Any CPU
	EndGlobalSection
	GlobalSection(ProjectConfigurationPlatforms) = postSolution
		{D3A1C0B8-3982-4542-9E5A-B95E7D1BF8FE}.Debug|Any CPU.ActiveCfg = Debug|Any CPU
		{D3A1C0B8-3982-4542-9E5A-B95E7D1BF8FE}.Debug|Any CPU.Build.0 = Debug|Any CPU
		{D3A1C0B8-3982-4542-9E5A-B95E7D1BF8FE}.Release|Any CPU.ActiveCfg = Release|Any CPU
		{D3A1C0B8-3982-4542-9E5A-B95E7D1BF8FE}.Release|Any CPU.Build.0 = Release|Any CPU
	EndGlobalSection
	GlobalSection(SolutionProperties) = preSolution
		HideSolutionNode = FALSE
	EndGlobalSection
	GlobalSection(ExtensibilityGlobals) = postSolution
		SolutionGuid = {12E43A36-DB0D-431F-B0D0-4DDFC684CD93}
	EndGlobalSection
EndGlobal
